
Microsoft Visual Studio Solution File, Format Version 12.00
# Visual Studio Version 17
VisualStudioVersion = 17.14.37710.0 d17.14
MinimumVisualStudioVersion = 10.0.40219.1
Project("{FAE04EC0-301F-11D3-BF4B-00C04F79EFBC}") = "Jour3", "Jour3\Jour3.csproj", "{BD9EDA3C-669B-4CDF-AB33-15315B85A778}"
EndProject
Global
	GlobalSection(SolutionConfigurationPlatforms) = preSolution
		Debug|Any CPU = Debug|Any CPU
		Release|Any CPU = Release|Any CPU
	EndGlobalSection
	GlobalSection(ProjectConfigurationPlatforms) = postSolution
		{BD9EDA3C-669B-4CDF-AB33-15315B85A778}.Debug|Any CPU.ActiveCfg = Debug|Any CPU
		{BD9EDA3C-669B-4CDF-AB33-15315B85A778}.Debug|Any CPU.Build.0 = Debug|Any CPU
		{BD9EDA3C-669B-4CDF-AB33-15315B85A778}.Release|Any CPU.ActiveCfg = Release|Any CPU
		{BD9EDA3C-669B-4CDF-AB33-15315B85A778}.Release|Any CPU.Build.0 = Release|Any CPU
	EndGlobalSection
	GlobalSection(SolutionProperties) = preSolution
		HideSolutionNode = FALSE
	EndGlobalSection
	GlobalSection(ExtensibilityGlobals) = postSolution
		SolutionGuid = {45BF95AA-7417-424A-99FB-6B18C4FFBA2B}
	EndGlobalSection
EndGlobal
